
Microsoft Visual Studio Solution File, Format Version 12.00
# Visual Studio Version 17
VisualStudioVersion = 17.4.33110.190
MinimumVisualStudioVersion = 10.0.40219.1
Project("{FAE04EC0-301F-11D3-BF4B-00C04F79EFBC}") = "WindowsFormsApp85", "WindowsFormsApp85\WindowsFormsApp85.csproj", "{4AD698B8-529D-4D61-AFDB-E3CC1E6167AB}"
EndProject
Global
	GlobalSection(SolutionConfigurationPlatforms) = preSolution
		Debug|Any CPU = Debug|Any CPU
		Release|Any CPU = Release|Any CPU
	EndGlobalSection
	GlobalSection(ProjectConfigurationPlatforms) = postSolution
		{4AD698B8-529D-4D61-AFDB-E3CC1E6167AB}.Debug|Any CPU.ActiveCfg = Debug|Any CPU
		{4AD698B8-529D-4D61-AFDB-E3CC1E6167AB}.Debug|Any CPU.Build.0 = Debug|Any CPU
		{4AD698B8-529D-4D61-AFDB-E3CC1E6167AB}.Release|Any CPU.ActiveCfg = Release|Any CPU
		{4AD698B8-529D-4D61-AFDB-E3CC1E6167AB}.Release|Any CPU.Build.0 = Release|Any CPU
	EndGlobalSection
	GlobalSection(SolutionProperties) = preSolution
		HideSolutionNode = FALSE
	EndGlobalSection
	GlobalSection(ExtensibilityGlobals) = postSolution
		SolutionGuid = {178D9D36-1B01-4435-8972-1AB3099B3DD2}
	EndGlobalSection
EndGlobal
